// !$*UTF8*$!
{
	archiveVersion = 1;
	classes = {
	};
	objectVersion = 56;
	objects = {

/* Begin PBXBuildFile section */
		2C7A81682BE11FA30071934F /* UIView+.swift in Sources */ = {isa = PBXBuildFile; fileRef = 2C7A81672BE11FA30071934F /* UIView+.swift */; };
		2C828BF82BE5024E00C5D2F0 /* Localization.swift in Sources */ = {isa = PBXBuildFile; fileRef = 2C828BF72BE5024E00C5D2F0 /* Localization.swift */; };
		2C828C072BE50A3A00C5D2F0 /* Localizable.strings in Resources */ = {isa = PBXBuildFile; fileRef = 2C828C092BE50A3A00C5D2F0 /* Localizable.strings */; };
		2C828C102BE50E8400C5D2F0 /* allCurrenciesWithLanguages.json in Resources */ = {isa = PBXBuildFile; fileRef = 2C828C0F2BE50E8400C5D2F0 /* allCurrenciesWithLanguages.json */; };
		2C828C122BE5166000C5D2F0 /* CurrenciesManager.swift in Sources */ = {isa = PBXBuildFile; fileRef = 2C828C112BE5166000C5D2F0 /* CurrenciesManager.swift */; };
		2C92A8BC2BE3CED200774239 /* Colors.xcassets in Resources */ = {isa = PBXBuildFile; fileRef = 2C92A8BB2BE3CED200774239 /* Colors.xcassets */; };
		2C9D37082BDF94D40091FF99 /* Gradient.swift in Sources */ = {isa = PBXBuildFile; fileRef = 2C9D37072BDF94D40091FF99 /* Gradient.swift */; };
		2C9D370C2BDFA6AC0091FF99 /* NetworkRequestProviderImpl.swift in Sources */ = {isa = PBXBuildFile; fileRef = 2C9D370B2BDFA6AC0091FF99 /* NetworkRequestProviderImpl.swift */; };
		2C9D37112BDFA79B0091FF99 /* Alamofire in Frameworks */ = {isa = PBXBuildFile; productRef = 2C9D37102BDFA79B0091FF99 /* Alamofire */; };
		2C9D37242BDFAF490091FF99 /* CurrencyData.swift in Sources */ = {isa = PBXBuildFile; fileRef = 2C9D37232BDFAF490091FF99 /* CurrencyData.swift */; };
		2C9D37262BDFB0750091FF99 /* NetworkRequestProvider.swift in Sources */ = {isa = PBXBuildFile; fileRef = 2C9D37252BDFB0750091FF99 /* NetworkRequestProvider.swift */; };
		2C9D37282BDFB09B0091FF99 /* NetworkService.swift in Sources */ = {isa = PBXBuildFile; fileRef = 2C9D37272BDFB09B0091FF99 /* NetworkService.swift */; };
		2C9D372A2BDFB2AB0091FF99 /* NetworkRequestProviderMockImpl.swift in Sources */ = {isa = PBXBuildFile; fileRef = 2C9D37292BDFB2AB0091FF99 /* NetworkRequestProviderMockImpl.swift */; };
		2C9D372C2BDFB3110091FF99 /* countries.json in Resources */ = {isa = PBXBuildFile; fileRef = 2C9D372B2BDFB3110091FF99 /* countries.json */; };
		2C9D372E2BDFB3300091FF99 /* CountryModel.swift in Sources */ = {isa = PBXBuildFile; fileRef = 2C9D372D2BDFB3300091FF99 /* CountryModel.swift */; };
		2C9D37302BDFB64D0091FF99 /* CountriesManager.swift in Sources */ = {isa = PBXBuildFile; fileRef = 2C9D372F2BDFB64D0091FF99 /* CountriesManager.swift */; };
		2C9D37342BDFC2690091FF99 /* UIViewController+.swift in Sources */ = {isa = PBXBuildFile; fileRef = 2C9D37332BDFC2690091FF99 /* UIViewController+.swift */; };
		2C9D37372BDFC5A10091FF99 /* CurrencyTableViewCell.swift in Sources */ = {isa = PBXBuildFile; fileRef = 2C9D37362BDFC5A10091FF99 /* CurrencyTableViewCell.swift */; };
		2C9D37392BDFC61B0091FF99 /* SnapKit in Frameworks */ = {isa = PBXBuildFile; productRef = 2C9D37382BDFC61B0091FF99 /* SnapKit */; };
		2C9D373B2BDFDFC80091FF99 /* currencies.json in Resources */ = {isa = PBXBuildFile; fileRef = 2C9D373A2BDFDFC80091FF99 /* currencies.json */; };
		2C9D373E2BDFE5CB0091FF99 /* Lottie in Frameworks */ = {isa = PBXBuildFile; productRef = 2C9D373D2BDFE5CB0091FF99 /* Lottie */; };
		2C9D37402BDFE5E50091FF99 /* HUD.swift in Sources */ = {isa = PBXBuildFile; fileRef = 2C9D373F2BDFE5E50091FF99 /* HUD.swift */; };
		2C9D37422BDFE7600091FF99 /* loading.json in Resources */ = {isa = PBXBuildFile; fileRef = 2C9D37412BDFE7600091FF99 /* loading.json */; };
		2CA4D7DF2BE0293D003D3DAA /* BaseTableViewCell.swift in Sources */ = {isa = PBXBuildFile; fileRef = 2CA4D7DE2BE0293D003D3DAA /* BaseTableViewCell.swift */; };
		2CB585472BE8ECF000A303BF /* Fuel.swift in Sources */ = {isa = PBXBuildFile; fileRef = 2CB585462BE8ECF000A303BF /* Fuel.swift */; };
		2CDCA2D429C329F20019DFF4 /* UIColor+Extension.swift in Sources */ = {isa = PBXBuildFile; fileRef = 2CDCA2D329C329F20019DFF4 /* UIColor+Extension.swift */; };
		2CDCA2DB29C335B20019DFF4 /* ConverterViewController.swift in Sources */ = {isa = PBXBuildFile; fileRef = 2CDCA2D929C335B20019DFF4 /* ConverterViewController.swift */; };
		2CDCA2DC29C335B20019DFF4 /* ConverterViewController.xib in Resources */ = {isa = PBXBuildFile; fileRef = 2CDCA2DA29C335B20019DFF4 /* ConverterViewController.xib */; };
		2CDCA2DF29C335C60019DFF4 /* CurrencyListViewController.swift in Sources */ = {isa = PBXBuildFile; fileRef = 2CDCA2DD29C335C60019DFF4 /* CurrencyListViewController.swift */; };
		2CDCA2E029C335C60019DFF4 /* CurrencyListViewController.xib in Resources */ = {isa = PBXBuildFile; fileRef = 2CDCA2DE29C335C60019DFF4 /* CurrencyListViewController.xib */; };
		2CDCA2E329C335D60019DFF4 /* SettingsViewController.swift in Sources */ = {isa = PBXBuildFile; fileRef = 2CDCA2E129C335D60019DFF4 /* SettingsViewController.swift */; };
		2CDCA2E429C335D60019DFF4 /* SettingsViewController.xib in Resources */ = {isa = PBXBuildFile; fileRef = 2CDCA2E229C335D60019DFF4 /* SettingsViewController.xib */; };
		2CE3B99829C1C6480032647D /* AppDelegate.swift in Sources */ = {isa = PBXBuildFile; fileRef = 2CE3B99729C1C6480032647D /* AppDelegate.swift */; };
		2CE3B99A29C1C6480032647D /* SceneDelegate.swift in Sources */ = {isa = PBXBuildFile; fileRef = 2CE3B99929C1C6480032647D /* SceneDelegate.swift */; };
		2CE3B99C29C1C6480032647D /* MainTabBarViewController.swift in Sources */ = {isa = PBXBuildFile; fileRef = 2CE3B99B29C1C6480032647D /* MainTabBarViewController.swift */; };
		2CE3B9A229C1C6480032647D /* CurrencyConverter.xcdatamodeld in Sources */ = {isa = PBXBuildFile; fileRef = 2CE3B9A029C1C6480032647D /* CurrencyConverter.xcdatamodeld */; };
		2CE3B9A429C1C6490032647D /* Assets.xcassets in Resources */ = {isa = PBXBuildFile; fileRef = 2CE3B9A329C1C6490032647D /* Assets.xcassets */; };
		2CE3B9A729C1C6490032647D /* LaunchScreen.storyboard in Resources */ = {isa = PBXBuildFile; fileRef = 2CE3B9A529C1C6490032647D /* LaunchScreen.storyboard */; };
		2CE3B9B229C1C6490032647D /* CurrencyConverterTests.swift in Sources */ = {isa = PBXBuildFile; fileRef = 2CE3B9B129C1C6490032647D /* CurrencyConverterTests.swift */; };
		2CE3B9BC29C1C6490032647D /* CurrencyConverterUITests.swift in Sources */ = {isa = PBXBuildFile; fileRef = 2CE3B9BB29C1C6490032647D /* CurrencyConverterUITests.swift */; };
		2CE3B9BE29C1C6490032647D /* CurrencyConverterUITestsLaunchTests.swift in Sources */ = {isa = PBXBuildFile; fileRef = 2CE3B9BD29C1C6490032647D /* CurrencyConverterUITestsLaunchTests.swift */; };
		2CE3B9D029C30B7F0032647D /* UICollectionView+Cells.swift in Sources */ = {isa = PBXBuildFile; fileRef = 2CE3B9CD29C30B7F0032647D /* UICollectionView+Cells.swift */; };
		2CE3B9D129C30B7F0032647D /* UIStoryboard+Extension.swift in Sources */ = {isa = PBXBuildFile; fileRef = 2CE3B9CE29C30B7F0032647D /* UIStoryboard+Extension.swift */; };
		2CE3B9D229C30B7F0032647D /* UITableView+Cells.swift in Sources */ = {isa = PBXBuildFile; fileRef = 2CE3B9CF29C30B7F0032647D /* UITableView+Cells.swift */; };
		2CE3B9D529C30C0E0032647D /* UITableView+Cells.swift in Sources */ = {isa = PBXBuildFile; fileRef = 2CE3B9CF29C30B7F0032647D /* UITableView+Cells.swift */; };
		2CE3B9D629C30C0F0032647D /* UITableView+Cells.swift in Sources */ = {isa = PBXBuildFile; fileRef = 2CE3B9CF29C30B7F0032647D /* UITableView+Cells.swift */; };
		2CE3B9DC29C30E6C0032647D /* NibLoad+Reuse.swift in Sources */ = {isa = PBXBuildFile; fileRef = 2CE3B9DA29C30E6C0032647D /* NibLoad+Reuse.swift */; };
		2CE3B9DD29C30E6C0032647D /* UIView+Xib.swift in Sources */ = {isa = PBXBuildFile; fileRef = 2CE3B9DB29C30E6C0032647D /* UIView+Xib.swift */; };
/* End PBXBuildFile section */

/* Begin PBXContainerItemProxy section */
		2CE3B9AE29C1C6490032647D /* PBXContainerItemProxy */ = {
			isa = PBXContainerItemProxy;
			containerPortal = 2CE3B98C29C1C6480032647D /* Project object */;
			proxyType = 1;
			remoteGlobalIDString = 2CE3B99329C1C6480032647D;
			remoteInfo = CurrencyConverter;
		};
		2CE3B9B829C1C6490032647D /* PBXContainerItemProxy */ = {
			isa = PBXContainerItemProxy;
			containerPortal = 2CE3B98C29C1C6480032647D /* Project object */;
			proxyType = 1;
			remoteGlobalIDString = 2CE3B99329C1C6480032647D;
			remoteInfo = CurrencyConverter;
		};
/* End PBXContainerItemProxy section */

/* Begin PBXFileReference section */
		2C7A81672BE11FA30071934F /* UIView+.swift */ = {isa = PBXFileReference; lastKnownFileType = sourcecode.swift; path = "UIView+.swift"; sourceTree = "<group>"; };
		2C828BF72BE5024E00C5D2F0 /* Localization.swift */ = {isa = PBXFileReference; lastKnownFileType = sourcecode.swift; path = Localization.swift; sourceTree = "<group>"; };
		2C828C082BE50A3A00C5D2F0 /* ru */ = {isa = PBXFileReference; lastKnownFileType = text.plist.strings; name = ru; path = ru.lproj/Localizable.strings; sourceTree = "<group>"; };
		2C828C0A2BE50A4500C5D2F0 /* en */ = {isa = PBXFileReference; lastKnownFileType = text.plist.strings; name = en; path = en.lproj/Localizable.strings; sourceTree = "<group>"; };
		2C828C0D2BE50B2500C5D2F0 /* be-BY */ = {isa = PBXFileReference; lastKnownFileType = text.plist.strings; name = "be-BY"; path = "be-BY.lproj/LaunchScreen.strings"; sourceTree = "<group>"; };
		2C828C0E2BE50B2500C5D2F0 /* be-BY */ = {isa = PBXFileReference; lastKnownFileType = text.plist.strings; name = "be-BY"; path = "be-BY.lproj/Localizable.strings"; sourceTree = "<group>"; };
		2C828C0F2BE50E8400C5D2F0 /* allCurrenciesWithLanguages.json */ = {isa = PBXFileReference; lastKnownFileType = text.json; path = allCurrenciesWithLanguages.json; sourceTree = "<group>"; };
		2C828C112BE5166000C5D2F0 /* CurrenciesManager.swift */ = {isa = PBXFileReference; lastKnownFileType = sourcecode.swift; path = CurrenciesManager.swift; sourceTree = "<group>"; };
		2C92A8BB2BE3CED200774239 /* Colors.xcassets */ = {isa = PBXFileReference; lastKnownFileType = folder.assetcatalog; path = Colors.xcassets; sourceTree = "<group>"; };
		2C9D37072BDF94D40091FF99 /* Gradient.swift */ = {isa = PBXFileReference; lastKnownFileType = sourcecode.swift; path = Gradient.swift; sourceTree = "<group>"; };
		2C9D370B2BDFA6AC0091FF99 /* NetworkRequestProviderImpl.swift */ = {isa = PBXFileReference; lastKnownFileType = sourcecode.swift; name = NetworkRequestProviderImpl.swift; path = CurrencyConverter/Network/ProtocolImpl/NetworkRequestProviderImpl.swift; sourceTree = SOURCE_ROOT; };
		2C9D37232BDFAF490091FF99 /* CurrencyData.swift */ = {isa = PBXFileReference; lastKnownFileType = sourcecode.swift; path = CurrencyData.swift; sourceTree = "<group>"; };
		2C9D37252BDFB0750091FF99 /* NetworkRequestProvider.swift */ = {isa = PBXFileReference; lastKnownFileType = sourcecode.swift; path = NetworkRequestProvider.swift; sourceTree = "<group>"; };
		2C9D37272BDFB09B0091FF99 /* NetworkService.swift */ = {isa = PBXFileReference; lastKnownFileType = sourcecode.swift; path = NetworkService.swift; sourceTree = "<group>"; };
		2C9D37292BDFB2AB0091FF99 /* NetworkRequestProviderMockImpl.swift */ = {isa = PBXFileReference; lastKnownFileType = sourcecode.swift; path = NetworkRequestProviderMockImpl.swift; sourceTree = "<group>"; };
		2C9D372B2BDFB3110091FF99 /* countries.json */ = {isa = PBXFileReference; fileEncoding = 4; lastKnownFileType = text.json; path = countries.json; sourceTree = "<group>"; };
		2C9D372D2BDFB3300091FF99 /* CountryModel.swift */ = {isa = PBXFileReference; lastKnownFileType = sourcecode.swift; path = CountryModel.swift; sourceTree = "<group>"; };
		2C9D372F2BDFB64D0091FF99 /* CountriesManager.swift */ = {isa = PBXFileReference; lastKnownFileType = sourcecode.swift; path = CountriesManager.swift; sourceTree = "<group>"; };
		2C9D37332BDFC2690091FF99 /* UIViewController+.swift */ = {isa = PBXFileReference; lastKnownFileType = sourcecode.swift; path = "UIViewController+.swift"; sourceTree = "<group>"; };
		2C9D37362BDFC5A10091FF99 /* CurrencyTableViewCell.swift */ = {isa = PBXFileReference; lastKnownFileType = sourcecode.swift; path = CurrencyTableViewCell.swift; sourceTree = "<group>"; };
		2C9D373A2BDFDFC80091FF99 /* currencies.json */ = {isa = PBXFileReference; lastKnownFileType = text.json; path = currencies.json; sourceTree = "<group>"; };
		2C9D373F2BDFE5E50091FF99 /* HUD.swift */ = {isa = PBXFileReference; lastKnownFileType = sourcecode.swift; path = HUD.swift; sourceTree = "<group>"; };
		2C9D37412BDFE7600091FF99 /* loading.json */ = {isa = PBXFileReference; fileEncoding = 4; lastKnownFileType = text.json; path = loading.json; sourceTree = "<group>"; };
		2CA4D7DE2BE0293D003D3DAA /* BaseTableViewCell.swift */ = {isa = PBXFileReference; lastKnownFileType = sourcecode.swift; path = BaseTableViewCell.swift; sourceTree = "<group>"; };
		2CB585462BE8ECF000A303BF /* Fuel.swift */ = {isa = PBXFileReference; lastKnownFileType = sourcecode.swift; path = Fuel.swift; sourceTree = "<group>"; };
		2CDCA2D329C329F20019DFF4 /* UIColor+Extension.swift */ = {isa = PBXFileReference; lastKnownFileType = sourcecode.swift; path = "UIColor+Extension.swift"; sourceTree = "<group>"; };
		2CDCA2D929C335B20019DFF4 /* ConverterViewController.swift */ = {isa = PBXFileReference; lastKnownFileType = sourcecode.swift; path = ConverterViewController.swift; sourceTree = "<group>"; };
		2CDCA2DA29C335B20019DFF4 /* ConverterViewController.xib */ = {isa = PBXFileReference; lastKnownFileType = file.xib; path = ConverterViewController.xib; sourceTree = "<group>"; };
		2CDCA2DD29C335C60019DFF4 /* CurrencyListViewController.swift */ = {isa = PBXFileReference; lastKnownFileType = sourcecode.swift; path = CurrencyListViewController.swift; sourceTree = "<group>"; };
		2CDCA2DE29C335C60019DFF4 /* CurrencyListViewController.xib */ = {isa = PBXFileReference; lastKnownFileType = file.xib; path = CurrencyListViewController.xib; sourceTree = "<group>"; };
		2CDCA2E129C335D60019DFF4 /* SettingsViewController.swift */ = {isa = PBXFileReference; lastKnownFileType = sourcecode.swift; path = SettingsViewController.swift; sourceTree = "<group>"; };
		2CDCA2E229C335D60019DFF4 /* SettingsViewController.xib */ = {isa = PBXFileReference; lastKnownFileType = file.xib; path = SettingsViewController.xib; sourceTree = "<group>"; };
		2CE3B99429C1C6480032647D /* CurrencyConverter.app */ = {isa = PBXFileReference; explicitFileType = wrapper.application; includeInIndex = 0; path = CurrencyConverter.app; sourceTree = BUILT_PRODUCTS_DIR; };
		2CE3B99729C1C6480032647D /* AppDelegate.swift */ = {isa = PBXFileReference; lastKnownFileType = sourcecode.swift; path = AppDelegate.swift; sourceTree = "<group>"; };
		2CE3B99929C1C6480032647D /* SceneDelegate.swift */ = {isa = PBXFileReference; lastKnownFileType = sourcecode.swift; path = SceneDelegate.swift; sourceTree = "<group>"; };
		2CE3B99B29C1C6480032647D /* MainTabBarViewController.swift */ = {isa = PBXFileReference; lastKnownFileType = sourcecode.swift; path = MainTabBarViewController.swift; sourceTree = "<group>"; };
		2CE3B9A129C1C6480032647D /* CurrencyConverter.xcdatamodel */ = {isa = PBXFileReference; lastKnownFileType = wrapper.xcdatamodel; path = CurrencyConverter.xcdatamodel; sourceTree = "<group>"; };
		2CE3B9A329C1C6490032647D /* Assets.xcassets */ = {isa = PBXFileReference; lastKnownFileType = folder.assetcatalog; path = Assets.xcassets; sourceTree = "<group>"; };
		2CE3B9A629C1C6490032647D /* Base */ = {isa = PBXFileReference; lastKnownFileType = file.storyboard; name = Base; path = Base.lproj/LaunchScreen.storyboard; sourceTree = "<group>"; };
		2CE3B9A829C1C6490032647D /* Info.plist */ = {isa = PBXFileReference; lastKnownFileType = text.plist.xml; path = Info.plist; sourceTree = "<group>"; };
		2CE3B9AD29C1C6490032647D /* CurrencyConverterTests.xctest */ = {isa = PBXFileReference; explicitFileType = wrapper.cfbundle; includeInIndex = 0; path = CurrencyConverterTests.xctest; sourceTree = BUILT_PRODUCTS_DIR; };
		2CE3B9B129C1C6490032647D /* CurrencyConverterTests.swift */ = {isa = PBXFileReference; lastKnownFileType = sourcecode.swift; path = CurrencyConverterTests.swift; sourceTree = "<group>"; };
		2CE3B9B729C1C6490032647D /* CurrencyConverterUITests.xctest */ = {isa = PBXFileReference; explicitFileType = wrapper.cfbundle; includeInIndex = 0; path = CurrencyConverterUITests.xctest; sourceTree = BUILT_PRODUCTS_DIR; };
		2CE3B9BB29C1C6490032647D /* CurrencyConverterUITests.swift */ = {isa = PBXFileReference; lastKnownFileType = sourcecode.swift; path = CurrencyConverterUITests.swift; sourceTree = "<group>"; };
		2CE3B9BD29C1C6490032647D /* CurrencyConverterUITestsLaunchTests.swift */ = {isa = PBXFileReference; lastKnownFileType = sourcecode.swift; path = CurrencyConverterUITestsLaunchTests.swift; sourceTree = "<group>"; };
		2CE3B9CD29C30B7F0032647D /* UICollectionView+Cells.swift */ = {isa = PBXFileReference; fileEncoding = 4; lastKnownFileType = sourcecode.swift; path = "UICollectionView+Cells.swift"; sourceTree = "<group>"; };
		2CE3B9CE29C30B7F0032647D /* UIStoryboard+Extension.swift */ = {isa = PBXFileReference; fileEncoding = 4; lastKnownFileType = sourcecode.swift; path = "UIStoryboard+Extension.swift"; sourceTree = "<group>"; };
		2CE3B9CF29C30B7F0032647D /* UITableView+Cells.swift */ = {isa = PBXFileReference; fileEncoding = 4; lastKnownFileType = sourcecode.swift; path = "UITableView+Cells.swift"; sourceTree = "<group>"; };
		2CE3B9DA29C30E6C0032647D /* NibLoad+Reuse.swift */ = {isa = PBXFileReference; fileEncoding = 4; lastKnownFileType = sourcecode.swift; path = "NibLoad+Reuse.swift"; sourceTree = "<group>"; };
		2CE3B9DB29C30E6C0032647D /* UIView+Xib.swift */ = {isa = PBXFileReference; fileEncoding = 4; lastKnownFileType = sourcecode.swift; path = "UIView+Xib.swift"; sourceTree = "<group>"; };
/* End PBXFileReference section */

/* Begin PBXFrameworksBuildPhase section */
		2CE3B99129C1C6480032647D /* Frameworks */ = {
			isa = PBXFrameworksBuildPhase;
			buildActionMask = 2147483647;
			files = (
				2C9D37112BDFA79B0091FF99 /* Alamofire in Frameworks */,
				2C9D37392BDFC61B0091FF99 /* SnapKit in Frameworks */,
				2C9D373E2BDFE5CB0091FF99 /* Lottie in Frameworks */,
			);
			runOnlyForDeploymentPostprocessing = 0;
		};
		2CE3B9AA29C1C6490032647D /* Frameworks */ = {
			isa = PBXFrameworksBuildPhase;
			buildActionMask = 2147483647;
			files = (
			);
			runOnlyForDeploymentPostprocessing = 0;
		};
		2CE3B9B429C1C6490032647D /* Frameworks */ = {
			isa = PBXFrameworksBuildPhase;
			buildActionMask = 2147483647;
			files = (
			);
			runOnlyForDeploymentPostprocessing = 0;
		};
/* End PBXFrameworksBuildPhase section */

/* Begin PBXGroup section */
		2C92A8BA2BE3CEA200774239 /* SupportingFiles */ = {
			isa = PBXGroup;
			children = (
				2C828C092BE50A3A00C5D2F0 /* Localizable.strings */,
				2CE3B9A329C1C6490032647D /* Assets.xcassets */,
				2C92A8BB2BE3CED200774239 /* Colors.xcassets */,
			);
			path = SupportingFiles;
			sourceTree = "<group>";
		};
		2C9D37062BDF94C70091FF99 /* Helpers */ = {
			isa = PBXGroup;
			children = (
				2C9D37072BDF94D40091FF99 /* Gradient.swift */,
				2C9D373F2BDFE5E50091FF99 /* HUD.swift */,
				2C828BF72BE5024E00C5D2F0 /* Localization.swift */,
			);
			path = Helpers;
			sourceTree = "<group>";
		};
		2C9D370F2BDFA79B0091FF99 /* Frameworks */ = {
			isa = PBXGroup;
			children = (
			);
			name = Frameworks;
			sourceTree = "<group>";
		};
		2C9D37222BDFAF320091FF99 /* Network */ = {
			isa = PBXGroup;
			children = (
				2CA4D7DD2BE028DC003D3DAA /* Manager */,
				2CA4D7DC2BE028D1003D3DAA /* Models */,
				2CA4D7DB2BE028C2003D3DAA /* ProtocolImpl */,
				2CA4D7DA2BE028B2003D3DAA /* Protocols */,
				2CA4D7D92BE028A7003D3DAA /* Service */,
			);
			path = Network;
			sourceTree = "<group>";
		};
		2C9D37312BDFC23C0091FF99 /* Files */ = {
			isa = PBXGroup;
			children = (
				2C9D372B2BDFB3110091FF99 /* countries.json */,
				2C9D37412BDFE7600091FF99 /* loading.json */,
				2C9D373A2BDFDFC80091FF99 /* currencies.json */,
				2C828C0F2BE50E8400C5D2F0 /* allCurrenciesWithLanguages.json */,
			);
			path = Files;
			sourceTree = "<group>";
		};
		2C9D37352BDFC5870091FF99 /* Cell */ = {
			isa = PBXGroup;
			children = (
				2C9D37362BDFC5A10091FF99 /* CurrencyTableViewCell.swift */,
				2CA4D7DE2BE0293D003D3DAA /* BaseTableViewCell.swift */,
			);
			path = Cell;
			sourceTree = "<group>";
		};
		2CA4D7D92BE028A7003D3DAA /* Service */ = {
			isa = PBXGroup;
			children = (
				2C9D37272BDFB09B0091FF99 /* NetworkService.swift */,
			);
			path = Service;
			sourceTree = "<group>";
		};
		2CA4D7DA2BE028B2003D3DAA /* Protocols */ = {
			isa = PBXGroup;
			children = (
				2C9D37252BDFB0750091FF99 /* NetworkRequestProvider.swift */,
			);
			path = Protocols;
			sourceTree = "<group>";
		};
		2CA4D7DB2BE028C2003D3DAA /* ProtocolImpl */ = {
			isa = PBXGroup;
			children = (
				2C9D370B2BDFA6AC0091FF99 /* NetworkRequestProviderImpl.swift */,
				2C9D37292BDFB2AB0091FF99 /* NetworkRequestProviderMockImpl.swift */,
			);
			path = ProtocolImpl;
			sourceTree = "<group>";
		};
		2CA4D7DC2BE028D1003D3DAA /* Models */ = {
			isa = PBXGroup;
			children = (
				2C9D372D2BDFB3300091FF99 /* CountryModel.swift */,
				2C9D37232BDFAF490091FF99 /* CurrencyData.swift */,
				2CB585462BE8ECF000A303BF /* Fuel.swift */,
			);
			path = Models;
			sourceTree = "<group>";
		};
		2CA4D7DD2BE028DC003D3DAA /* Manager */ = {
			isa = PBXGroup;
			children = (
				2C9D372F2BDFB64D0091FF99 /* CountriesManager.swift */,
				2C828C112BE5166000C5D2F0 /* CurrenciesManager.swift */,
			);
			path = Manager;
			sourceTree = "<group>";
		};
		2CDCA2C229C31F820019DFF4 /* Controllers */ = {
			isa = PBXGroup;
			children = (
				2CDCA2C629C3231B0019DFF4 /* SettingsViewController */,
				2CDCA2C529C3230D0019DFF4 /* CurrencyListViewController */,
				2CDCA2C429C322FC0019DFF4 /* ConverterViewController */,
				2CE3B99B29C1C6480032647D /* MainTabBarViewController.swift */,
			);
			path = Controllers;
			sourceTree = "<group>";
		};
		2CDCA2C429C322FC0019DFF4 /* ConverterViewController */ = {
			isa = PBXGroup;
			children = (
				2CDCA2D929C335B20019DFF4 /* ConverterViewController.swift */,
				2CDCA2DA29C335B20019DFF4 /* ConverterViewController.xib */,
			);
			path = ConverterViewController;
			sourceTree = "<group>";
		};
		2CDCA2C529C3230D0019DFF4 /* CurrencyListViewController */ = {
			isa = PBXGroup;
			children = (
				2C9D37352BDFC5870091FF99 /* Cell */,
				2CDCA2DD29C335C60019DFF4 /* CurrencyListViewController.swift */,
				2CDCA2DE29C335C60019DFF4 /* CurrencyListViewController.xib */,
			);
			path = CurrencyListViewController;
			sourceTree = "<group>";
		};
		2CDCA2C629C3231B0019DFF4 /* SettingsViewController */ = {
			isa = PBXGroup;
			children = (
				2CDCA2E129C335D60019DFF4 /* SettingsViewController.swift */,
				2CDCA2E229C335D60019DFF4 /* SettingsViewController.xib */,
			);
			path = SettingsViewController;
			sourceTree = "<group>";
		};
		2CE3B98B29C1C6480032647D = {
			isa = PBXGroup;
			children = (
				2CE3B99629C1C6480032647D /* CurrencyConverter */,
				2CE3B9B029C1C6490032647D /* CurrencyConverterTests */,
				2CE3B9BA29C1C6490032647D /* CurrencyConverterUITests */,
				2CE3B99529C1C6480032647D /* Products */,
				2C9D370F2BDFA79B0091FF99 /* Frameworks */,
			);
			sourceTree = "<group>";
		};
		2CE3B99529C1C6480032647D /* Products */ = {
			isa = PBXGroup;
			children = (
				2CE3B99429C1C6480032647D /* CurrencyConverter.app */,
				2CE3B9AD29C1C6490032647D /* CurrencyConverterTests.xctest */,
				2CE3B9B729C1C6490032647D /* CurrencyConverterUITests.xctest */,
			);
			name = Products;
			sourceTree = "<group>";
		};
		2CE3B99629C1C6480032647D /* CurrencyConverter */ = {
			isa = PBXGroup;
			children = (
				2C92A8BA2BE3CEA200774239 /* SupportingFiles */,
				2CE3B9CB29C1C7110032647D /* Extensions */,
				2C9D37062BDF94C70091FF99 /* Helpers */,
				2C9D37312BDFC23C0091FF99 /* Files */,
				2C9D37222BDFAF320091FF99 /* Network */,
				2CDCA2C229C31F820019DFF4 /* Controllers */,
				2CE3B99729C1C6480032647D /* AppDelegate.swift */,
				2CE3B99929C1C6480032647D /* SceneDelegate.swift */,
				2CE3B9A529C1C6490032647D /* LaunchScreen.storyboard */,
				2CE3B9A829C1C6490032647D /* Info.plist */,
				2CE3B9A029C1C6480032647D /* CurrencyConverter.xcdatamodeld */,
			);
			path = CurrencyConverter;
			sourceTree = "<group>";
		};
		2CE3B9B029C1C6490032647D /* CurrencyConverterTests */ = {
			isa = PBXGroup;
			children = (
				2CE3B9B129C1C6490032647D /* CurrencyConverterTests.swift */,
			);
			path = CurrencyConverterTests;
			sourceTree = "<group>";
		};
		2CE3B9BA29C1C6490032647D /* CurrencyConverterUITests */ = {
			isa = PBXGroup;
			children = (
				2CE3B9BB29C1C6490032647D /* CurrencyConverterUITests.swift */,
				2CE3B9BD29C1C6490032647D /* CurrencyConverterUITestsLaunchTests.swift */,
			);
			path = CurrencyConverterUITests;
			sourceTree = "<group>";
		};
		2CE3B9CB29C1C7110032647D /* Extensions */ = {
			isa = PBXGroup;
			children = (
				2CE3B9D929C30E020032647D /* UIKit+Tools */,
				2CE3B9CD29C30B7F0032647D /* UICollectionView+Cells.swift */,
				2CE3B9CE29C30B7F0032647D /* UIStoryboard+Extension.swift */,
				2CE3B9CF29C30B7F0032647D /* UITableView+Cells.swift */,
				2CDCA2D329C329F20019DFF4 /* UIColor+Extension.swift */,
				2C9D37332BDFC2690091FF99 /* UIViewController+.swift */,
				2C7A81672BE11FA30071934F /* UIView+.swift */,
			);
			path = Extensions;
			sourceTree = "<group>";
		};
		2CE3B9D929C30E020032647D /* UIKit+Tools */ = {
			isa = PBXGroup;
			children = (
				2CE3B9DA29C30E6C0032647D /* NibLoad+Reuse.swift */,
				2CE3B9DB29C30E6C0032647D /* UIView+Xib.swift */,
			);
			path = "UIKit+Tools";
			sourceTree = "<group>";
		};
/* End PBXGroup section */

/* Begin PBXNativeTarget section */
		2CE3B99329C1C6480032647D /* CurrencyConverter */ = {
			isa = PBXNativeTarget;
			buildConfigurationList = 2CE3B9C129C1C6490032647D /* Build configuration list for PBXNativeTarget "CurrencyConverter" */;
			buildPhases = (
				2CE3B99029C1C6480032647D /* Sources */,
				2CE3B99129C1C6480032647D /* Frameworks */,
				2CE3B99229C1C6480032647D /* Resources */,
			);
			buildRules = (
			);
			dependencies = (
			);
			name = CurrencyConverter;
			packageProductDependencies = (
				2C9D37102BDFA79B0091FF99 /* Alamofire */,
				2C9D37382BDFC61B0091FF99 /* SnapKit */,
				2C9D373D2BDFE5CB0091FF99 /* Lottie */,
			);
			productName = CurrencyConverter;
			productReference = 2CE3B99429C1C6480032647D /* CurrencyConverter.app */;
			productType = "com.apple.product-type.application";
		};
		2CE3B9AC29C1C6490032647D /* CurrencyConverterTests */ = {
			isa = PBXNativeTarget;
			buildConfigurationList = 2CE3B9C429C1C6490032647D /* Build configuration list for PBXNativeTarget "CurrencyConverterTests" */;
			buildPhases = (
				2CE3B9A929C1C6490032647D /* Sources */,
				2CE3B9AA29C1C6490032647D /* Frameworks */,
				2CE3B9AB29C1C6490032647D /* Resources */,
			);
			buildRules = (
			);
			dependencies = (
				2CE3B9AF29C1C6490032647D /* PBXTargetDependency */,
			);
			name = CurrencyConverterTests;
			productName = CurrencyConverterTests;
			productReference = 2CE3B9AD29C1C6490032647D /* CurrencyConverterTests.xctest */;
			productType = "com.apple.product-type.bundle.unit-test";
		};
		2CE3B9B629C1C6490032647D /* CurrencyConverterUITests */ = {
			isa = PBXNativeTarget;
			buildConfigurationList = 2CE3B9C729C1C6490032647D /* Build configuration list for PBXNativeTarget "CurrencyConverterUITests" */;
			buildPhases = (
				2CE3B9B329C1C6490032647D /* Sources */,
				2CE3B9B429C1C6490032647D /* Frameworks */,
				2CE3B9B529C1C6490032647D /* Resources */,
			);
			buildRules = (
			);
			dependencies = (
				2CE3B9B929C1C6490032647D /* PBXTargetDependency */,
			);
			name = CurrencyConverterUITests;
			productName = CurrencyConverterUITests;
			productReference = 2CE3B9B729C1C6490032647D /* CurrencyConverterUITests.xctest */;
			productType = "com.apple.product-type.bundle.ui-testing";
		};
/* End PBXNativeTarget section */

/* Begin PBXProject section */
		2CE3B98C29C1C6480032647D /* Project object */ = {
			isa = PBXProject;
			attributes = {
				BuildIndependentTargetsInParallel = 1;
				LastSwiftUpdateCheck = 1420;
				LastUpgradeCheck = 1420;
				TargetAttributes = {
					2CE3B99329C1C6480032647D = {
						CreatedOnToolsVersion = 14.2;
					};
					2CE3B9AC29C1C6490032647D = {
						CreatedOnToolsVersion = 14.2;
						TestTargetID = 2CE3B99329C1C6480032647D;
					};
					2CE3B9B629C1C6490032647D = {
						CreatedOnToolsVersion = 14.2;
						TestTargetID = 2CE3B99329C1C6480032647D;
					};
				};
			};
			buildConfigurationList = 2CE3B98F29C1C6480032647D /* Build configuration list for PBXProject "CurrencyConverter" */;
			compatibilityVersion = "Xcode 14.0";
			developmentRegion = en;
			hasScannedForEncodings = 0;
			knownRegions = (
				en,
				Base,
				ru,
				"be-BY",
			);
			mainGroup = 2CE3B98B29C1C6480032647D;
			packageReferences = (
				2C9D37092BDFA6500091FF99 /* XCRemoteSwiftPackageReference "SnapKit" */,
				2C9D370A2BDFA65F0091FF99 /* XCRemoteSwiftPackageReference "Alamofire" */,
				2C9D373C2BDFE5CB0091FF99 /* XCRemoteSwiftPackageReference "lottie-spm" */,
			);
			productRefGroup = 2CE3B99529C1C6480032647D /* Products */;
			projectDirPath = "";
			projectRoot = "";
			targets = (
				2CE3B99329C1C6480032647D /* CurrencyConverter */,
				2CE3B9AC29C1C6490032647D /* CurrencyConverterTests */,
				2CE3B9B629C1C6490032647D /* CurrencyConverterUITests */,
			);
		};
/* End PBXProject section */

/* Begin PBXResourcesBuildPhase section */
		2CE3B99229C1C6480032647D /* Resources */ = {
			isa = PBXResourcesBuildPhase;
			buildActionMask = 2147483647;
			files = (
				2C92A8BC2BE3CED200774239 /* Colors.xcassets in Resources */,
				2C828C102BE50E8400C5D2F0 /* allCurrenciesWithLanguages.json in Resources */,
				2CE3B9A729C1C6490032647D /* LaunchScreen.storyboard in Resources */,
				2CDCA2E029C335C60019DFF4 /* CurrencyListViewController.xib in Resources */,
				2C9D37422BDFE7600091FF99 /* loading.json in Resources */,
				2C9D372C2BDFB3110091FF99 /* countries.json in Resources */,
				2C828C072BE50A3A00C5D2F0 /* Localizable.strings in Resources */,
				2CE3B9A429C1C6490032647D /* Assets.xcassets in Resources */,
				2C9D373B2BDFDFC80091FF99 /* currencies.json in Resources */,
				2CDCA2DC29C335B20019DFF4 /* ConverterViewController.xib in Resources */,
				2CDCA2E429C335D60019DFF4 /* SettingsViewController.xib in Resources */,
			);
			runOnlyForDeploymentPostprocessing = 0;
		};
		2CE3B9AB29C1C6490032647D /* Resources */ = {
			isa = PBXResourcesBuildPhase;
			buildActionMask = 2147483647;
			files = (
			);
			runOnlyForDeploymentPostprocessing = 0;
		};
		2CE3B9B529C1C6490032647D /* Resources */ = {
			isa = PBXResourcesBuildPhase;
			buildActionMask = 2147483647;
			files = (
			);
			runOnlyForDeploymentPostprocessing = 0;
		};
/* End PBXResourcesBuildPhase section */

/* Begin PBXSourcesBuildPhase section */
		2CE3B99029C1C6480032647D /* Sources */ = {
			isa = PBXSourcesBuildPhase;
			buildActionMask = 2147483647;
			files = (
				2CDCA2DB29C335B20019DFF4 /* ConverterViewController.swift in Sources */,
				2CDCA2DF29C335C60019DFF4 /* CurrencyListViewController.swift in Sources */,
				2CE3B9D029C30B7F0032647D /* UICollectionView+Cells.swift in Sources */,
				2CB585472BE8ECF000A303BF /* Fuel.swift in Sources */,
				2C9D37242BDFAF490091FF99 /* CurrencyData.swift in Sources */,
				2C9D372A2BDFB2AB0091FF99 /* NetworkRequestProviderMockImpl.swift in Sources */,
				2C9D37282BDFB09B0091FF99 /* NetworkService.swift in Sources */,
				2C9D37082BDF94D40091FF99 /* Gradient.swift in Sources */,
				2CE3B99C29C1C6480032647D /* MainTabBarViewController.swift in Sources */,
				2C9D37342BDFC2690091FF99 /* UIViewController+.swift in Sources */,
				2CE3B9DD29C30E6C0032647D /* UIView+Xib.swift in Sources */,
				2C7A81682BE11FA30071934F /* UIView+.swift in Sources */,
				2CE3B9D229C30B7F0032647D /* UITableView+Cells.swift in Sources */,
				2C9D37302BDFB64D0091FF99 /* CountriesManager.swift in Sources */,
				2CE3B9D129C30B7F0032647D /* UIStoryboard+Extension.swift in Sources */,
				2CE3B9A229C1C6480032647D /* CurrencyConverter.xcdatamodeld in Sources */,
				2C9D37262BDFB0750091FF99 /* NetworkRequestProvider.swift in Sources */,
				2CE3B99829C1C6480032647D /* AppDelegate.swift in Sources */,
				2CA4D7DF2BE0293D003D3DAA /* BaseTableViewCell.swift in Sources */,
				2C9D372E2BDFB3300091FF99 /* CountryModel.swift in Sources */,
				2C9D370C2BDFA6AC0091FF99 /* NetworkRequestProviderImpl.swift in Sources */,
				2C828C122BE5166000C5D2F0 /* CurrenciesManager.swift in Sources */,
				2CE3B9DC29C30E6C0032647D /* NibLoad+Reuse.swift in Sources */,
				2CDCA2E329C335D60019DFF4 /* SettingsViewController.swift in Sources */,
				2CE3B99A29C1C6480032647D /* SceneDelegate.swift in Sources */,
				2C828BF82BE5024E00C5D2F0 /* Localization.swift in Sources */,
				2C9D37402BDFE5E50091FF99 /* HUD.swift in Sources */,
				2C9D37372BDFC5A10091FF99 /* CurrencyTableViewCell.swift in Sources */,
				2CDCA2D429C329F20019DFF4 /* UIColor+Extension.swift in Sources */,
			);
			runOnlyForDeploymentPostprocessing = 0;
		};
		2CE3B9A929C1C6490032647D /* Sources */ = {
			isa = PBXSourcesBuildPhase;
			buildActionMask = 2147483647;
			files = (
				2CE3B9B229C1C6490032647D /* CurrencyConverterTests.swift in Sources */,
				2CE3B9D529C30C0E0032647D /* UITableView+Cells.swift in Sources */,
			);
			runOnlyForDeploymentPostprocessing = 0;
		};
		2CE3B9B329C1C6490032647D /* Sources */ = {
			isa = PBXSourcesBuildPhase;
			buildActionMask = 2147483647;
			files = (
				2CE3B9BE29C1C6490032647D /* CurrencyConverterUITestsLaunchTests.swift in Sources */,
				2CE3B9BC29C1C6490032647D /* CurrencyConverterUITests.swift in Sources */,
				2CE3B9D629C30C0F0032647D /* UITableView+Cells.swift in Sources */,
			);
			runOnlyForDeploymentPostprocessing = 0;
		};
/* End PBXSourcesBuildPhase section */

/* Begin PBXTargetDependency section */
		2CE3B9AF29C1C6490032647D /* PBXTargetDependency */ = {
			isa = PBXTargetDependency;
			target = 2CE3B99329C1C6480032647D /* CurrencyConverter */;
			targetProxy = 2CE3B9AE29C1C6490032647D /* PBXContainerItemProxy */;
		};
		2CE3B9B929C1C6490032647D /* PBXTargetDependency */ = {
			isa = PBXTargetDependency;
			target = 2CE3B99329C1C6480032647D /* CurrencyConverter */;
			targetProxy = 2CE3B9B829C1C6490032647D /* PBXContainerItemProxy */;
		};
/* End PBXTargetDependency section */

/* Begin PBXVariantGroup section */
		2C828C092BE50A3A00C5D2F0 /* Localizable.strings */ = {
			isa = PBXVariantGroup;
			children = (
				2C828C082BE50A3A00C5D2F0 /* ru */,
				2C828C0A2BE50A4500C5D2F0 /* en */,
				2C828C0E2BE50B2500C5D2F0 /* be-BY */,
			);
			name = Localizable.strings;
			sourceTree = "<group>";
		};
		2CE3B9A529C1C6490032647D /* LaunchScreen.storyboard */ = {
			isa = PBXVariantGroup;
			children = (
				2CE3B9A629C1C6490032647D /* Base */,
				2C828C0D2BE50B2500C5D2F0 /* be-BY */,
			);
			name = LaunchScreen.storyboard;
			sourceTree = "<group>";
		};
/* End PBXVariantGroup section */

/* Begin XCBuildConfiguration section */
		2CE3B9BF29C1C6490032647D /* Debug */ = {
			isa = XCBuildConfiguration;
			buildSettings = {
				ALWAYS_SEARCH_USER_PATHS = NO;
				CLANG_ANALYZER_NONNULL = YES;
				CLANG_ANALYZER_NUMBER_OBJECT_CONVERSION = YES_AGGRESSIVE;
				CLANG_CXX_LANGUAGE_STANDARD = "gnu++20";
				CLANG_ENABLE_MODULES = YES;
				CLANG_ENABLE_OBJC_ARC = YES;
				CLANG_ENABLE_OBJC_WEAK = YES;
				CLANG_WARN_BLOCK_CAPTURE_AUTORELEASING = YES;
				CLANG_WARN_BOOL_CONVERSION = YES;
				CLANG_WARN_COMMA = YES;
				CLANG_WARN_CONSTANT_CONVERSION = YES;
				CLANG_WARN_DEPRECATED_OBJC_IMPLEMENTATIONS = YES;
				CLANG_WARN_DIRECT_OBJC_ISA_USAGE = YES_ERROR;
				CLANG_WARN_DOCUMENTATION_COMMENTS = YES;
				CLANG_WARN_EMPTY_BODY = YES;
				CLANG_WARN_ENUM_CONVERSION = YES;
				CLANG_WARN_INFINITE_RECURSION = YES;
				CLANG_WARN_INT_CONVERSION = YES;
				CLANG_WARN_NON_LITERAL_NULL_CONVERSION = YES;
				CLANG_WARN_OBJC_IMPLICIT_RETAIN_SELF = YES;
				CLANG_WARN_OBJC_LITERAL_CONVERSION = YES;
				CLANG_WARN_OBJC_ROOT_CLASS = YES_ERROR;
				CLANG_WARN_QUOTED_INCLUDE_IN_FRAMEWORK_HEADER = YES;
				CLANG_WARN_RANGE_LOOP_ANALYSIS = YES;
				CLANG_WARN_STRICT_PROTOTYPES = YES;
				CLANG_WARN_SUSPICIOUS_MOVE = YES;
				CLANG_WARN_UNGUARDED_AVAILABILITY = YES_AGGRESSIVE;
				CLANG_WARN_UNREACHABLE_CODE = YES;
				CLANG_WARN__DUPLICATE_METHOD_MATCH = YES;
				COPY_PHASE_STRIP = NO;
				DEBUG_INFORMATION_FORMAT = dwarf;
				ENABLE_STRICT_OBJC_MSGSEND = YES;
				ENABLE_TESTABILITY = YES;
				GCC_C_LANGUAGE_STANDARD = gnu11;
				GCC_DYNAMIC_NO_PIC = NO;
				GCC_NO_COMMON_BLOCKS = YES;
				GCC_OPTIMIZATION_LEVEL = 0;
				GCC_PREPROCESSOR_DEFINITIONS = (
					"DEBUG=1",
					"$(inherited)",
				);
				GCC_WARN_64_TO_32_BIT_CONVERSION = YES;
				GCC_WARN_ABOUT_RETURN_TYPE = YES_ERROR;
				GCC_WARN_UNDECLARED_SELECTOR = YES;
				GCC_WARN_UNINITIALIZED_AUTOS = YES_AGGRESSIVE;
				GCC_WARN_UNUSED_FUNCTION = YES;
				GCC_WARN_UNUSED_VARIABLE = YES;
				IPHONEOS_DEPLOYMENT_TARGET = 16.2;
				MTL_ENABLE_DEBUG_INFO = INCLUDE_SOURCE;
				MTL_FAST_MATH = YES;
				ONLY_ACTIVE_ARCH = YES;
				SDKROOT = iphoneos;
				SWIFT_ACTIVE_COMPILATION_CONDITIONS = DEBUG;
				SWIFT_OPTIMIZATION_LEVEL = "-Onone";
			};
			name = Debug;
		};
		2CE3B9C029C1C6490032647D /* Release */ = {
			isa = XCBuildConfiguration;
			buildSettings = {
				ALWAYS_SEARCH_USER_PATHS = NO;
				CLANG_ANALYZER_NONNULL = YES;
				CLANG_ANALYZER_NUMBER_OBJECT_CONVERSION = YES_AGGRESSIVE;
				CLANG_CXX_LANGUAGE_STANDARD = "gnu++20";
				CLANG_ENABLE_MODULES = YES;
				CLANG_ENABLE_OBJC_ARC = YES;
				CLANG_ENABLE_OBJC_WEAK = YES;
				CLANG_WARN_BLOCK_CAPTURE_AUTORELEASING = YES;
				CLANG_WARN_BOOL_CONVERSION = YES;
				CLANG_WARN_COMMA = YES;
				CLANG_WARN_CONSTANT_CONVERSION = YES;
				CLANG_WARN_DEPRECATED_OBJC_IMPLEMENTATIONS = YES;
				CLANG_WARN_DIRECT_OBJC_ISA_USAGE = YES_ERROR;
				CLANG_WARN_DOCUMENTATION_COMMENTS = YES;
				CLANG_WARN_EMPTY_BODY = YES;
				CLANG_WARN_ENUM_CONVERSION = YES;
				CLANG_WARN_INFINITE_RECURSION = YES;
				CLANG_WARN_INT_CONVERSION = YES;
				CLANG_WARN_NON_LITERAL_NULL_CONVERSION = YES;
				CLANG_WARN_OBJC_IMPLICIT_RETAIN_SELF = YES;
				CLANG_WARN_OBJC_LITERAL_CONVERSION = YES;
				CLANG_WARN_OBJC_ROOT_CLASS = YES_ERROR;
				CLANG_WARN_QUOTED_INCLUDE_IN_FRAMEWORK_HEADER = YES;
				CLANG_WARN_RANGE_LOOP_ANALYSIS = YES;
				CLANG_WARN_STRICT_PROTOTYPES = YES;
				CLANG_WARN_SUSPICIOUS_MOVE = YES;
				CLANG_WARN_UNGUARDED_AVAILABILITY = YES_AGGRESSIVE;
				CLANG_WARN_UNREACHABLE_CODE = YES;
				CLANG_WARN__DUPLICATE_METHOD_MATCH = YES;
				COPY_PHASE_STRIP = NO;
				DEBUG_INFORMATION_FORMAT = "dwarf-with-dsym";
				ENABLE_NS_ASSERTIONS = NO;
				ENABLE_STRICT_OBJC_MSGSEND = YES;
				GCC_C_LANGUAGE_STANDARD = gnu11;
				GCC_NO_COMMON_BLOCKS = YES;
				GCC_WARN_64_TO_32_BIT_CONVERSION = YES;
				GCC_WARN_ABOUT_RETURN_TYPE = YES_ERROR;
				GCC_WARN_UNDECLARED_SELECTOR = YES;
				GCC_WARN_UNINITIALIZED_AUTOS = YES_AGGRESSIVE;
				GCC_WARN_UNUSED_FUNCTION = YES;
				GCC_WARN_UNUSED_VARIABLE = YES;
				IPHONEOS_DEPLOYMENT_TARGET = 16.2;
				MTL_ENABLE_DEBUG_INFO = NO;
				MTL_FAST_MATH = YES;
				SDKROOT = iphoneos;
				SWIFT_COMPILATION_MODE = wholemodule;
				SWIFT_OPTIMIZATION_LEVEL = "-O";
				VALIDATE_PRODUCT = YES;
			};
			name = Release;
		};
		2CE3B9C229C1C6490032647D /* Debug */ = {
			isa = XCBuildConfiguration;
			buildSettings = {
				ASSETCATALOG_COMPILER_APPICON_NAME = AppIcon;
				ASSETCATALOG_COMPILER_GLOBAL_ACCENT_COLOR_NAME = AccentColor;
				CODE_SIGN_STYLE = Automatic;
				CURRENT_PROJECT_VERSION = 1;
				DEVELOPMENT_TEAM = 6G5C87ANM8;
				GENERATE_INFOPLIST_FILE = YES;
				INFOPLIST_FILE = CurrencyConverter/Info.plist;
				INFOPLIST_KEY_UIApplicationSupportsIndirectInputEvents = YES;
				INFOPLIST_KEY_UILaunchStoryboardName = LaunchScreen;
				INFOPLIST_KEY_UISupportedInterfaceOrientations = UIInterfaceOrientationPortrait;
				INFOPLIST_KEY_UISupportedInterfaceOrientations_iPad = "UIInterfaceOrientationPortrait UIInterfaceOrientationPortraitUpsideDown";
				LD_RUNPATH_SEARCH_PATHS = (
					"$(inherited)",
					"@executable_path/Frameworks",
				);
				MARKETING_VERSION = 1.0;
				PRODUCT_BUNDLE_IDENTIFIER = none.CurrencyConverter;
				PRODUCT_NAME = "$(TARGET_NAME)";
				SWIFT_EMIT_LOC_STRINGS = YES;
				SWIFT_VERSION = 5.0;
				TARGETED_DEVICE_FAMILY = "1,2";
			};
			name = Debug;
		};
		2CE3B9C329C1C6490032647D /* Release */ = {
			isa = XCBuildConfiguration;
			buildSettings = {
				ASSETCATALOG_COMPILER_APPICON_NAME = AppIcon;
				ASSETCATALOG_COMPILER_GLOBAL_ACCENT_COLOR_NAME = AccentColor;
				CODE_SIGN_STYLE = Automatic;
				CURRENT_PROJECT_VERSION = 1;
				DEVELOPMENT_TEAM = 6G5C87ANM8;
				GENERATE_INFOPLIST_FILE = YES;
				INFOPLIST_FILE = CurrencyConverter/Info.plist;
				INFOPLIST_KEY_UIApplicationSupportsIndirectInputEvents = YES;
				INFOPLIST_KEY_UILaunchStoryboardName = LaunchScreen;
				INFOPLIST_KEY_UISupportedInterfaceOrientations = UIInterfaceOrientationPortrait;
				INFOPLIST_KEY_UISupportedInterfaceOrientations_iPad = "UIInterfaceOrientationPortrait UIInterfaceOrientationPortraitUpsideDown";
				LD_RUNPATH_SEARCH_PATHS = (
					"$(inherited)",
					"@executable_path/Frameworks",
				);
				MARKETING_VERSION = 1.0;
				PRODUCT_BUNDLE_IDENTIFIER = none.CurrencyConverter;
				PRODUCT_NAME = "$(TARGET_NAME)";
				SWIFT_EMIT_LOC_STRINGS = YES;
				SWIFT_VERSION = 5.0;
				TARGETED_DEVICE_FAMILY = "1,2";
			};
			name = Release;
		};
		2CE3B9C529C1C6490032647D /* Debug */ = {
			isa = XCBuildConfiguration;
			buildSettings = {
				ALWAYS_EMBED_SWIFT_STANDARD_LIBRARIES = YES;
				BUNDLE_LOADER = "$(TEST_HOST)";
				CODE_SIGN_STYLE = Automatic;
				CURRENT_PROJECT_VERSION = 1;
				DEVELOPMENT_TEAM = 6G5C87ANM8;
				GENERATE_INFOPLIST_FILE = YES;
				IPHONEOS_DEPLOYMENT_TARGET = 16.2;
				MARKETING_VERSION = 1.0;
				PRODUCT_BUNDLE_IDENTIFIER = none.CurrencyConverterTests;
				PRODUCT_NAME = "$(TARGET_NAME)";
				SWIFT_EMIT_LOC_STRINGS = NO;
				SWIFT_VERSION = 5.0;
				TARGETED_DEVICE_FAMILY = "1,2";
				TEST_HOST = "$(BUILT_PRODUCTS_DIR)/CurrencyConverter.app/$(BUNDLE_EXECUTABLE_FOLDER_PATH)/CurrencyConverter";
			};
			name = Debug;
		};
		2CE3B9C629C1C6490032647D /* Release */ = {
			isa = XCBuildConfiguration;
			buildSettings = {
				ALWAYS_EMBED_SWIFT_STANDARD_LIBRARIES = YES;
				BUNDLE_LOADER = "$(TEST_HOST)";
				CODE_SIGN_STYLE = Automatic;
				CURRENT_PROJECT_VERSION = 1;
				DEVELOPMENT_TEAM = 6G5C87ANM8;
				GENERATE_INFOPLIST_FILE = YES;
				IPHONEOS_DEPLOYMENT_TARGET = 16.2;
				MARKETING_VERSION = 1.0;
				PRODUCT_BUNDLE_IDENTIFIER = none.CurrencyConverterTests;
				PRODUCT_NAME = "$(TARGET_NAME)";
				SWIFT_EMIT_LOC_STRINGS = NO;
				SWIFT_VERSION = 5.0;
				TARGETED_DEVICE_FAMILY = "1,2";
				TEST_HOST = "$(BUILT_PRODUCTS_DIR)/CurrencyConverter.app/$(BUNDLE_EXECUTABLE_FOLDER_PATH)/CurrencyConverter";
			};
			name = Release;
		};
		2CE3B9C829C1C6490032647D /* Debug */ = {
			isa = XCBuildConfiguration;
			buildSettings = {
				ALWAYS_EMBED_SWIFT_STANDARD_LIBRARIES = YES;
				CODE_SIGN_STYLE = Automatic;
				CURRENT_PROJECT_VERSION = 1;
				DEVELOPMENT_TEAM = 6G5C87ANM8;
				GENERATE_INFOPLIST_FILE = YES;
				MARKETING_VERSION = 1.0;
				PRODUCT_BUNDLE_IDENTIFIER = none.CurrencyConverterUITests;
				PRODUCT_NAME = "$(TARGET_NAME)";
				SWIFT_EMIT_LOC_STRINGS = NO;
				SWIFT_VERSION = 5.0;
				TARGETED_DEVICE_FAMILY = "1,2";
				TEST_TARGET_NAME = CurrencyConverter;
			};
			name = Debug;
		};
		2CE3B9C929C1C6490032647D /* Release */ = {
			isa = XCBuildConfiguration;
			buildSettings = {
				ALWAYS_EMBED_SWIFT_STANDARD_LIBRARIES = YES;
				CODE_SIGN_STYLE = Automatic;
				CURRENT_PROJECT_VERSION = 1;
				DEVELOPMENT_TEAM = 6G5C87ANM8;
				GENERATE_INFOPLIST_FILE = YES;
				MARKETING_VERSION = 1.0;
				PRODUCT_BUNDLE_IDENTIFIER = none.CurrencyConverterUITests;
				PRODUCT_NAME = "$(TARGET_NAME)";
				SWIFT_EMIT_LOC_STRINGS = NO;
				SWIFT_VERSION = 5.0;
				TARGETED_DEVICE_FAMILY = "1,2";
				TEST_TARGET_NAME = CurrencyConverter;
			};
			name = Release;
		};
/* End XCBuildConfiguration section */

/* Begin XCConfigurationList section */
		2CE3B98F29C1C6480032647D /* Build configuration list for PBXProject "CurrencyConverter" */ = {
			isa = XCConfigurationList;
			buildConfigurations = (
				2CE3B9BF29C1C6490032647D /* Debug */,
				2CE3B9C029C1C6490032647D /* Release */,
			);
			defaultConfigurationIsVisible = 0;
			defaultConfigurationName = Release;
		};
		2CE3B9C129C1C6490032647D /* Build configuration list for PBXNativeTarget "CurrencyConverter" */ = {
			isa = XCConfigurationList;
			buildConfigurations = (
				2CE3B9C229C1C6490032647D /* Debug */,
				2CE3B9C329C1C6490032647D /* Release */,
			);
			defaultConfigurationIsVisible = 0;
			defaultConfigurationName = Release;
		};
		2CE3B9C429C1C6490032647D /* Build configuration list for PBXNativeTarget "CurrencyConverterTests" */ = {
			isa = XCConfigurationList;
			buildConfigurations = (
				2CE3B9C529C1C6490032647D /* Debug */,
				2CE3B9C629C1C6490032647D /* Release */,
			);
			defaultConfigurationIsVisible = 0;
			defaultConfigurationName = Release;
		};
		2CE3B9C729C1C6490032647D /* Build configuration list for PBXNativeTarget "CurrencyConverterUITests" */ = {
			isa = XCConfigurationList;
			buildConfigurations = (
				2CE3B9C829C1C6490032647D /* Debug */,
				2CE3B9C929C1C6490032647D /* Release */,
			);
			defaultConfigurationIsVisible = 0;
			defaultConfigurationName = Release;
		};
/* End XCConfigurationList section */

/* Begin XCRemoteSwiftPackageReference section */
		2C9D37092BDFA6500091FF99 /* XCRemoteSwiftPackageReference "SnapKit" */ = {
			isa = XCRemoteSwiftPackageReference;
			repositoryURL = "https://github.com/SnapKit/SnapKit.git";
			requirement = {
				kind = upToNextMajorVersion;
				minimumVersion = 5.7.1;
			};
		};
		2C9D370A2BDFA65F0091FF99 /* XCRemoteSwiftPackageReference "Alamofire" */ = {
			isa = XCRemoteSwiftPackageReference;
			repositoryURL = "https://github.com/Alamofire/Alamofire.git";
			requirement = {
				kind = upToNextMajorVersion;
				minimumVersion = 5.9.1;
			};
		};
		2C9D373C2BDFE5CB0091FF99 /* XCRemoteSwiftPackageReference "lottie-spm" */ = {
			isa = XCRemoteSwiftPackageReference;
			repositoryURL = "https://github.com/airbnb/lottie-spm.git";
			requirement = {
				kind = upToNextMajorVersion;
				minimumVersion = 4.4.3;
			};
		};
/* End XCRemoteSwiftPackageReference section */

/* Begin XCSwiftPackageProductDependency section */
		2C9D37102BDFA79B0091FF99 /* Alamofire */ = {
			isa = XCSwiftPackageProductDependency;
			package = 2C9D370A2BDFA65F0091FF99 /* XCRemoteSwiftPackageReference "Alamofire" */;
			productName = Alamofire;
		};
		2C9D37382BDFC61B0091FF99 /* SnapKit */ = {
			isa = XCSwiftPackageProductDependency;
			package = 2C9D37092BDFA6500091FF99 /* XCRemoteSwiftPackageReference "SnapKit" */;
			productName = SnapKit;
		};
		2C9D373D2BDFE5CB0091FF99 /* Lottie */ = {
			isa = XCSwiftPackageProductDependency;
			package = 2C9D373C2BDFE5CB0091FF99 /* XCRemoteSwiftPackageReference "lottie-spm" */;
			productName = Lottie;
		};
/* End XCSwiftPackageProductDependency section */

/* Begin XCVersionGroup section */
		2CE3B9A029C1C6480032647D /* CurrencyConverter.xcdatamodeld */ = {
			isa = XCVersionGroup;
			children = (
				2CE3B9A129C1C6480032647D /* CurrencyConverter.xcdatamodel */,
			);
			currentVersion = 2CE3B9A129C1C6480032647D /* CurrencyConverter.xcdatamodel */;
			path = CurrencyConverter.xcdatamodeld;
			sourceTree = "<group>";
			versionGroupType = wrapper.xcdatamodel;
		};
/* End XCVersionGroup section */
	};
	rootObject = 2CE3B98C29C1C6480032647D /* Project object */;
}
